
Microsoft Visual Studio Solution File, Format Version 12.00
# Visual Studio 15
VisualStudioVersion = 15.0.27428.2015
MinimumVisualStudioVersion = 10.0.40219.1
Project("{FAE04EC0-301F-11D3-BF4B-00C04F79EFBC}") = "IPAddressRead", "IPAddressRead\IPAddressRead.csproj", "{1AAB00AD-62DF-4993-9BF9-720729CAD7EF}"
EndProject
Global
	GlobalSection(SolutionConfigurationPlatforms) = preSolution
		Debug|Any CPU = Debug|Any CPU
		Release|Any CPU = Release|Any CPU
	EndGlobalSection
	GlobalSection(ProjectConfigurationPlatforms) = postSolution
		{1AAB00AD-62DF-4993-9BF9-720729CAD7EF}.Debug|Any CPU.ActiveCfg = Debug|Any CPU
		{1AAB00AD-62DF-4993-9BF9-720729CAD7EF}.Debug|Any CPU.Build.0 = Debug|Any CPU
		{1AAB00AD-62DF-4993-9BF9-720729CAD7EF}.Release|Any CPU.ActiveCfg = Release|Any CPU
		{1AAB00AD-62DF-4993-9BF9-720729CAD7EF}.Release|Any CPU.Build.0 = Release|Any CPU
	EndGlobalSection
	GlobalSection(SolutionProperties) = preSolution
		HideSolutionNode = FALSE
	EndGlobalSection
	GlobalSection(ExtensibilityGlobals) = postSolution
		SolutionGuid = {A8F3853D-D417-460B-9D15-380E10B55F21}
	EndGlobalSection
EndGlobal
